// !$*UTF8*$!
{
	archiveVersion = 1;
	classes = {
	};
	objectVersion = 46;
	objects = {

/* Begin PBXBuildFile section */
		480256E51A69271F00DFCFCB /* AppDelegate.m in Sources */ = {isa = PBXBuildFile; fileRef = 480256E41A69271F00DFCFCB /* AppDelegate.m */; };
		480256E71A69271F00DFCFCB /* main.m in Sources */ = {isa = PBXBuildFile; fileRef = 480256E61A69271F00DFCFCB /* main.m */; };
		480256E91A69271F00DFCFCB /* Images.xcassets in Resources */ = {isa = PBXBuildFile; fileRef = 480256E81A69271F00DFCFCB /* Images.xcassets */; };
		480256EC1A69271F00DFCFCB /* MainMenu.xib in Resources */ = {isa = PBXBuildFile; fileRef = 480256EA1A69271F00DFCFCB /* MainMenu.xib */; };
		480257041A69291000DFCFCB /* MainWindowViewController.m in Sources */ = {isa = PBXBuildFile; fileRef = 480257021A69291000DFCFCB /* MainWindowViewController.m */; };
		480257051A69291000DFCFCB /* MainWindowViewController.xib in Resources */ = {isa = PBXBuildFile; fileRef = 480257031A69291000DFCFCB /* MainWindowViewController.xib */; };
		480257091A692AD600DFCFCB /* CustomModalWindowController.m in Sources */ = {isa = PBXBuildFile; fileRef = 480257071A692AD600DFCFCB /* CustomModalWindowController.m */; };
		4802570A1A692AD600DFCFCB /* CustomModalWindowController.xib in Resources */ = {isa = PBXBuildFile; fileRef = 480257081A692AD600DFCFCB /* CustomModalWindowController.xib */; };
/* End PBXBuildFile section */

/* Begin PBXFileReference section */
		480256DE1A69271F00DFCFCB /* CustomModalWindow.app */ = {isa = PBXFileReference; explicitFileType = wrapper.application; includeInIndex = 0; path = CustomModalWindow.app; sourceTree = BUILT_PRODUCTS_DIR; };
		480256E21A69271F00DFCFCB /* Info.plist */ = {isa = PBXFileReference; lastKnownFileType = text.plist.xml; path = Info.plist; sourceTree = "<group>"; };
		480256E31A69271F00DFCFCB /* AppDelegate.h */ = {isa = PBXFileReference; lastKnownFileType = sourcecode.c.h; path = AppDelegate.h; sourceTree = "<group>"; };
		480256E41A69271F00DFCFCB /* AppDelegate.m */ = {isa = PBXFileReference; lastKnownFileType = sourcecode.c.objc; path = AppDelegate.m; sourceTree = "<group>"; };
		480256E61A69271F00DFCFCB /* main.m */ = {isa = PBXFileReference; lastKnownFileType = sourcecode.c.objc; path = main.m; sourceTree = "<group>"; };
		480256E81A69271F00DFCFCB /* Images.xcassets */ = {isa = PBXFileReference; lastKnownFileType = folder.assetcatalog; path = Images.xcassets; sourceTree = "<group>"; };
		480256EB1A69271F00DFCFCB /* Base */ = {isa = PBXFileReference; lastKnownFileType = file.xib; name = Base; path = Base.lproj/MainMenu.xib; sourceTree = "<group>"; };
		480257011A69291000DFCFCB /* MainWindowViewController.h */ = {isa = PBXFileReference; fileEncoding = 4; lastKnownFileType = sourcecode.c.h; path = MainWindowViewController.h; sourceTree = "<group>"; };
		480257021A69291000DFCFCB /* MainWindowViewController.m */ = {isa = PBXFileReference; fileEncoding = 4; lastKnownFileType = sourcecode.c.objc; path = MainWindowViewController.m; sourceTree = "<group>"; };
		480257031A69291000DFCFCB /* MainWindowViewController.xib */ = {isa = PBXFileReference; fileEncoding = 4; lastKnownFileType = file.xib; path = MainWindowViewController.xib; sourceTree = "<group>"; };
		480257061A692AD600DFCFCB /* CustomModalWindowController.h */ = {isa = PBXFileReference; fileEncoding = 4; lastKnownFileType = sourcecode.c.h; path = CustomModalWindowController.h; sourceTree = "<group>"; };
		480257071A692AD600DFCFCB /* CustomModalWindowController.m */ = {isa = PBXFileReference; fileEncoding = 4; lastKnownFileType = sourcecode.c.objc; path = CustomModalWindowController.m; sourceTree = "<group>"; };
		480257081A692AD600DFCFCB /* CustomModalWindowController.xib */ = {isa = PBXFileReference; fileEncoding = 4; lastKnownFileType = file.xib; path = CustomModalWindowController.xib; sourceTree = "<group>"; };
/* End PBXFileReference section */

/* Begin PBXFrameworksBuildPhase section */
		480256DB1A69271F00DFCFCB /* Frameworks */ = {
			isa = PBXFrameworksBuildPhase;
			buildActionMask = 2147483647;
			files = (
			);
			runOnlyForDeploymentPostprocessing = 0;
		};
/* End PBXFrameworksBuildPhase section */

/* Begin PBXGroup section */
		480256D51A69271E00DFCFCB = {
			isa = PBXGroup;
			children = (
				480256E01A69271F00DFCFCB /* CustomModalWindow */,
				480256DF1A69271F00DFCFCB /* Products */,
			);
			sourceTree = "<group>";
		};
		480256DF1A69271F00DFCFCB /* Products */ = {
			isa = PBXGroup;
			children = (
				480256DE1A69271F00DFCFCB /* CustomModalWindow.app */,
			);
			name = Products;
			sourceTree = "<group>";
		};
		480256E01A69271F00DFCFCB /* CustomModalWindow */ = {
			isa = PBXGroup;
			children = (
				480256E31A69271F00DFCFCB /* AppDelegate.h */,
				480256E41A69271F00DFCFCB /* AppDelegate.m */,
				480256E81A69271F00DFCFCB /* Images.xcassets */,
				480256EA1A69271F00DFCFCB /* MainMenu.xib */,
				480256E11A69271F00DFCFCB /* Supporting Files */,
				480257011A69291000DFCFCB /* MainWindowViewController.h */,
				480257021A69291000DFCFCB /* MainWindowViewController.m */,
				480257031A69291000DFCFCB /* MainWindowViewController.xib */,
				480257061A692AD600DFCFCB /* CustomModalWindowController.h */,
				480257071A692AD600DFCFCB /* CustomModalWindowController.m */,
				480257081A692AD600DFCFCB /* CustomModalWindowController.xib */,
			);
			path = CustomModalWindow;
			sourceTree = "<group>";
		};
		480256E11A69271F00DFCFCB /* Supporting Files */ = {
			isa = PBXGroup;
			children = (
				480256E21A69271F00DFCFCB /* Info.plist */,
				480256E61A69271F00DFCFCB /* main.m */,
			);
			name = "Supporting Files";
			sourceTree = "<group>";
		};
/* End PBXGroup section */

/* Begin PBXNativeTarget section */
		480256DD1A69271F00DFCFCB /* CustomModalWindow */ = {
			isa = PBXNativeTarget;
			buildConfigurationList = 480256FB1A69271F00DFCFCB /* Build configuration list for PBXNativeTarget "CustomModalWindow" */;
			buildPhases = (
				480256DA1A69271F00DFCFCB /* Sources */,
				480256DB1A69271F00DFCFCB /* Frameworks */,
				480256DC1A69271F00DFCFCB /* Resources */,
			);
			buildRules = (
			);
			dependencies = (
			);
			name = CustomModalWindow;
			productName = CustomModalWindow;
			productReference = 480256DE1A69271F00DFCFCB /* CustomModalWindow.app */;
			productType = "com.apple.product-type.application";
		};
/* End PBXNativeTarget section */

/* Begin PBXProject section */
		480256D61A69271E00DFCFCB /* Project object */ = {
			isa = PBXProject;
			attributes = {
				LastUpgradeCheck = 0610;
				ORGANIZATIONNAME = "Mumbo Apps Ltd";
				TargetAttributes = {
					480256DD1A69271F00DFCFCB = {
						CreatedOnToolsVersion = 6.1.1;
					};
				};
			};
			buildConfigurationList = 480256D91A69271E00DFCFCB /* Build configuration list for PBXProject "CustomModalWindow" */;
			compatibilityVersion = "Xcode 3.2";
			developmentRegion = English;
			hasScannedForEncodings = 0;
			knownRegions = (
				en,
				Base,
			);
			mainGroup = 480256D51A69271E00DFCFCB;
			productRefGroup = 480256DF1A69271F00DFCFCB /* Products */;
			projectDirPath = "";
			projectRoot = "";
			targets = (
				480256DD1A69271F00DFCFCB /* CustomModalWindow */,
			);
		};
/* End PBXProject section */

/* Begin PBXResourcesBuildPhase section */
		480256DC1A69271F00DFCFCB /* Resources */ = {
			isa = PBXResourcesBuildPhase;
			buildActionMask = 2147483647;
			files = (
				480256E91A69271F00DFCFCB /* Images.xcassets in Resources */,
				480257051A69291000DFCFCB /* MainWindowViewController.xib in Resources */,
				480256EC1A69271F00DFCFCB /* MainMenu.xib in Resources */,
				4802570A1A692AD600DFCFCB /* CustomModalWindowController.xib in Resources */,
			);
			runOnlyForDeploymentPostprocessing = 0;
		};
/* End PBXResourcesBuildPhase section */

/* Begin PBXSourcesBuildPhase section */
		480256DA1A69271F00DFCFCB /* Sources */ = {
			isa = PBXSourcesBuildPhase;
			buildActionMask = 2147483647;
			files = (
				480257041A69291000DFCFCB /* MainWindowViewController.m in Sources */,
				480257091A692AD600DFCFCB /* CustomModalWindowController.m in Sources */,
				480256E71A69271F00DFCFCB /* main.m in Sources */,
				480256E51A69271F00DFCFCB /* AppDelegate.m in Sources */,
			);
			runOnlyForDeploymentPostprocessing = 0;
		};
/* End PBXSourcesBuildPhase section */

/* Begin PBXVariantGroup section */
		480256EA1A69271F00DFCFCB /* MainMenu.xib */ = {
			isa = PBXVariantGroup;
			children = (
				480256EB1A69271F00DFCFCB /* Base */,
			);
			name = MainMenu.xib;
			sourceTree = "<group>";
		};
/* End PBXVariantGroup section */

/* Begin XCBuildConfiguration section */
		480256F91A69271F00DFCFCB /* Debug */ = {
			isa = XCBuildConfiguration;
			buildSettings = {
				ALWAYS_SEARCH_USER_PATHS = NO;
				CLANG_CXX_LANGUAGE_STANDARD = "gnu++0x";
				CLANG_CXX_LIBRARY = "libc++";
				CLANG_ENABLE_MODULES = YES;
				CLANG_ENABLE_OBJC_ARC = YES;
				CLANG_WARN_BOOL_CONVERSION = YES;
				CLANG_WARN_CONSTANT_CONVERSION = YES;
				CLANG_WARN_DIRECT_OBJC_ISA_USAGE = YES_ERROR;
				CLANG_WARN_EMPTY_BODY = YES;
				CLANG_WARN_ENUM_CONVERSION = YES;
				CLANG_WARN_INT_CONVERSION = YES;
				CLANG_WARN_OBJC_ROOT_CLASS = YES_ERROR;
				CLANG_WARN_UNREACHABLE_CODE = YES;
				CLANG_WARN__DUPLICATE_METHOD_MATCH = YES;
				CODE_SIGN_IDENTITY = "-";
				COPY_PHASE_STRIP = NO;
				ENABLE_STRICT_OBJC_MSGSEND = YES;
				GCC_C_LANGUAGE_STANDARD = gnu99;
				GCC_DYNAMIC_NO_PIC = NO;
				GCC_OPTIMIZATION_LEVEL = 0;
				GCC_PREPROCESSOR_DEFINITIONS = (
					"DEBUG=1",
					"$(inherited)",
				);
				GCC_SYMBOLS_PRIVATE_EXTERN = NO;
				GCC_WARN_64_TO_32_BIT_CONVERSION = YES;
				GCC_WARN_ABOUT_RETURN_TYPE = YES_ERROR;
				GCC_WARN_UNDECLARED_SELECTOR = YES;
				GCC_WARN_UNINITIALIZED_AUTOS = YES_AGGRESSIVE;
				GCC_WARN_UNUSED_FUNCTION = YES;
				GCC_WARN_UNUSED_VARIABLE = YES;
				MACOSX_DEPLOYMENT_TARGET = 10.10;
				MTL_ENABLE_DEBUG_INFO = YES;
				ONLY_ACTIVE_ARCH = YES;
				SDKROOT = macosx;
			};
			name = Debug;
		};
		480256FA1A69271F00DFCFCB /* Release */ = {
			isa = XCBuildConfiguration;
			buildSettings = {
				ALWAYS_SEARCH_USER_PATHS = NO;
				CLANG_CXX_LANGUAGE_STANDARD = "gnu++0x";
				CLANG_CXX_LIBRARY = "libc++";
				CLANG_ENABLE_MODULES = YES;
				CLANG_ENABLE_OBJC_ARC = YES;
				CLANG_WARN_BOOL_CONVERSION = YES;
				CLANG_WARN_CONSTANT_CONVERSION = YES;
				CLANG_WARN_DIRECT_OBJC_ISA_USAGE = YES_ERROR;
				CLANG_WARN_EMPTY_BODY = YES;
				CLANG_WARN_ENUM_CONVERSION = YES;
				CLANG_WARN_INT_CONVERSION = YES;
				CLANG_WARN_OBJC_ROOT_CLASS = YES_ERROR;
				CLANG_WARN_UNREACHABLE_CODE = YES;
				CLANG_WARN__DUPLICATE_METHOD_MATCH = YES;
				CODE_SIGN_IDENTITY = "-";
				COPY_PHASE_STRIP = YES;
				DEBUG_INFORMATION_FORMAT = "dwarf-with-dsym";
				ENABLE_NS_ASSERTIONS = NO;
				ENABLE_STRICT_OBJC_MSGSEND = YES;
				GCC_C_LANGUAGE_STANDARD = gnu99;
				GCC_WARN_64_TO_32_BIT_CONVERSION = YES;
				GCC_WARN_ABOUT_RETURN_TYPE = YES_ERROR;
				GCC_WARN_UNDECLARED_SELECTOR = YES;
				GCC_WARN_UNINITIALIZED_AUTOS = YES_AGGRESSIVE;
				GCC_WARN_UNUSED_FUNCTION = YES;
				GCC_WARN_UNUSED_VARIABLE = YES;
				MACOSX_DEPLOYMENT_TARGET = 10.10;
				MTL_ENABLE_DEBUG_INFO = NO;
				SDKROOT = macosx;
			};
			name = Release;
		};
		480256FC1A69271F00DFCFCB /* Debug */ = {
			isa = XCBuildConfiguration;
			buildSettings = {
				ASSETCATALOG_COMPILER_APPICON_NAME = AppIcon;
				COMBINE_HIDPI_IMAGES = YES;
				INFOPLIST_FILE = CustomModalWindow/Info.plist;
				LD_RUNPATH_SEARCH_PATHS = "$(inherited) @executable_path/../Frameworks";
				PRODUCT_NAME = "$(TARGET_NAME)";
			};
			name = Debug;
		};
		480256FD1A69271F00DFCFCB /* Release */ = {
			isa = XCBuildConfiguration;
			buildSettings = {
				ASSETCATALOG_COMPILER_APPICON_NAME = AppIcon;
				COMBINE_HIDPI_IMAGES = YES;
				INFOPLIST_FILE = CustomModalWindow/Info.plist;
				LD_RUNPATH_SEARCH_PATHS = "$(inherited) @executable_path/../Frameworks";
				PRODUCT_NAME = "$(TARGET_NAME)";
			};
			name = Release;
		};
/* End XCBuildConfiguration section */

/* Begin XCConfigurationList section */
		480256D91A69271E00DFCFCB /* Build configuration list for PBXProject "CustomModalWindow" */ = {
			isa = XCConfigurationList;
			buildConfigurations = (
				480256F91A69271F00DFCFCB /* Debug */,
				480256FA1A69271F00DFCFCB /* Release */,
			);
			defaultConfigurationIsVisible = 0;
			defaultConfigurationName = Release;
		};
		480256FB1A69271F00DFCFCB /* Build configuration list for PBXNativeTarget "CustomModalWindow" */ = {
			isa = XCConfigurationList;
			buildConfigurations = (
				480256FC1A69271F00DFCFCB /* Debug */,
				480256FD1A69271F00DFCFCB /* Release */,
			);
			defaultConfigurationIsVisible = 0;
			defaultConfigurationName = Release;
		};
/* End XCConfigurationList section */
	};
	rootObject = 480256D61A69271E00DFCFCB /* Project object */;
}
